// !$*UTF8*$!
{
	archiveVersion = 1;
	classes = {
	};
	objectVersion = 46;
	objects = {

/* Begin PBXBuildFile section */
		6E06565719623C76003939CA /* main.swift in Sources */ = {isa = PBXBuildFile; fileRef = 6E06565619623C76003939CA /* main.swift */; };
		6E06566019623CA0003939CA /* Person.swift in Sources */ = {isa = PBXBuildFile; fileRef = 6E06565F19623CA0003939CA /* Person.swift */; };
/* End PBXBuildFile section */

/* Begin PBXCopyFilesBuildPhase section */
		6E06565119623C76003939CA /* CopyFiles */ = {
			isa = PBXCopyFilesBuildPhase;
			buildActionMask = 2147483647;
			dstPath = /usr/share/man/man1/;
			dstSubfolderSpec = 0;
			files = (
			);
			runOnlyForDeploymentPostprocessing = 1;
		};
/* End PBXCopyFilesBuildPhase section */

/* Begin PBXFileReference section */
		6E06565319623C76003939CA /* person */ = {isa = PBXFileReference; explicitFileType = "compiled.mach-o.executable"; includeInIndex = 0; path = person; sourceTree = BUILT_PRODUCTS_DIR; };
		6E06565619623C76003939CA /* main.swift */ = {isa = PBXFileReference; lastKnownFileType = sourcecode.swift; path = main.swift; sourceTree = "<group>"; };
		6E06565F19623CA0003939CA /* Person.swift */ = {isa = PBXFileReference; fileEncoding = 4; lastKnownFileType = sourcecode.swift; path = Person.swift; sourceTree = "<group>"; };
/* End PBXFileReference section */

/* Begin PBXFrameworksBuildPhase section */
		6E06565019623C76003939CA /* Frameworks */ = {
			isa = PBXFrameworksBuildPhase;
			buildActionMask = 2147483647;
			files = (
			);
			runOnlyForDeploymentPostprocessing = 0;
		};
/* End PBXFrameworksBuildPhase section */

/* Begin PBXGroup section */
		6E06564A19623C76003939CA = {
			isa = PBXGroup;
			children = (
				6E06565519623C76003939CA /* person */,
				6E06565419623C76003939CA /* Products */,
			);
			sourceTree = "<group>";
		};
		6E06565419623C76003939CA /* Products */ = {
			isa = PBXGroup;
			children = (
				6E06565319623C76003939CA /* person */,
			);
			name = Products;
			sourceTree = "<group>";
		};
		6E06565519623C76003939CA /* person */ = {
			isa = PBXGroup;
			children = (
				6E06565E19623C89003939CA /* model */,
				6E06565D19623C7F003939CA /* view */,
			);
			path = person;
			sourceTree = "<group>";
		};
		6E06565D19623C7F003939CA /* view */ = {
			isa = PBXGroup;
			children = (
				6E06565619623C76003939CA /* main.swift */,
			);
			name = view;
			sourceTree = "<group>";
		};
		6E06565E19623C89003939CA /* model */ = {
			isa = PBXGroup;
			children = (
				6E06565F19623CA0003939CA /* Person.swift */,
			);
			name = model;
			sourceTree = "<group>";
		};
/* End PBXGroup section */

/* Begin PBXNativeTarget section */
		6E06565219623C76003939CA /* person */ = {
			isa = PBXNativeTarget;
			buildConfigurationList = 6E06565A19623C76003939CA /* Build configuration list for PBXNativeTarget "person" */;
			buildPhases = (
				6E06564F19623C76003939CA /* Sources */,
				6E06565019623C76003939CA /* Frameworks */,
				6E06565119623C76003939CA /* CopyFiles */,
			);
			buildRules = (
			);
			dependencies = (
			);
			name = person;
			productName = person;
			productReference = 6E06565319623C76003939CA /* person */;
			productType = "com.apple.product-type.tool";
		};
/* End PBXNativeTarget section */

/* Begin PBXProject section */
		6E06564B19623C76003939CA /* Project object */ = {
			isa = PBXProject;
			attributes = {
				LastUpgradeCheck = 0600;
				ORGANIZATIONNAME = rimbaudcode;
				TargetAttributes = {
					6E06565219623C76003939CA = {
						CreatedOnToolsVersion = 6.0;
					};
				};
			};
			buildConfigurationList = 6E06564E19623C76003939CA /* Build configuration list for PBXProject "person" */;
			compatibilityVersion = "Xcode 3.2";
			developmentRegion = English;
			hasScannedForEncodings = 0;
			knownRegions = (
				en,
			);
			mainGroup = 6E06564A19623C76003939CA;
			productRefGroup = 6E06565419623C76003939CA /* Products */;
			projectDirPath = "";
			projectRoot = "";
			targets = (
				6E06565219623C76003939CA /* person */,
			);
		};
/* End PBXProject section */

/* Begin PBXSourcesBuildPhase section */
		6E06564F19623C76003939CA /* Sources */ = {
			isa = PBXSourcesBuildPhase;
			buildActionMask = 2147483647;
			files = (
				6E06566019623CA0003939CA /* Person.swift in Sources */,
				6E06565719623C76003939CA /* main.swift in Sources */,
			);
			runOnlyForDeploymentPostprocessing = 0;
		};
/* End PBXSourcesBuildPhase section */

/* Begin XCBuildConfiguration section */
		6E06565819623C76003939CA /* Debug */ = {
			isa = XCBuildConfiguration;
			buildSettings = {
				ALWAYS_SEARCH_USER_PATHS = NO;
				CLANG_CXX_LANGUAGE_STANDARD = "gnu++0x";
				CLANG_CXX_LIBRARY = "libc++";
				CLANG_ENABLE_MODULES = YES;
				CLANG_ENABLE_OBJC_ARC = YES;
				CLANG_WARN_BOOL_CONVERSION = YES;
				CLANG_WARN_CONSTANT_CONVERSION = YES;
				CLANG_WARN_DIRECT_OBJC_ISA_USAGE = YES_ERROR;
				CLANG_WARN_EMPTY_BODY = YES;
				CLANG_WARN_ENUM_CONVERSION = YES;
				CLANG_WARN_INT_CONVERSION = YES;
				CLANG_WARN_OBJC_ROOT_CLASS = YES_ERROR;
				CLANG_WARN_UNREACHABLE_CODE = YES;
				CLANG_WARN__DUPLICATE_METHOD_MATCH = YES;
				COPY_PHASE_STRIP = NO;
				ENABLE_STRICT_OBJC_MSGSEND = YES;
				GCC_C_LANGUAGE_STANDARD = gnu99;
				GCC_DYNAMIC_NO_PIC = NO;
				GCC_OPTIMIZATION_LEVEL = 0;
				GCC_PREPROCESSOR_DEFINITIONS = (
					"DEBUG=1",
					"$(inherited)",
				);
				GCC_SYMBOLS_PRIVATE_EXTERN = NO;
				GCC_WARN_64_TO_32_BIT_CONVERSION = YES;
				GCC_WARN_ABOUT_RETURN_TYPE = YES_ERROR;
				GCC_WARN_UNDECLARED_SELECTOR = YES;
				GCC_WARN_UNINITIALIZED_AUTOS = YES_AGGRESSIVE;
				GCC_WARN_UNUSED_FUNCTION = YES;
				GCC_WARN_UNUSED_VARIABLE = YES;
				MACOSX_DEPLOYMENT_TARGET = 10.9;
				METAL_ENABLE_DEBUG_INFO = YES;
				ONLY_ACTIVE_ARCH = YES;
				SDKROOT = macosx;
				SWIFT_OPTIMIZATION_LEVEL = "-Onone";
			};
			name = Debug;
		};
		6E06565919623C76003939CA /* Release */ = {
			isa = XCBuildConfiguration;
			buildSettings = {
				ALWAYS_SEARCH_USER_PATHS = NO;
				CLANG_CXX_LANGUAGE_STANDARD = "gnu++0x";
				CLANG_CXX_LIBRARY = "libc++";
				CLANG_ENABLE_MODULES = YES;
				CLANG_ENABLE_OBJC_ARC = YES;
				CLANG_WARN_BOOL_CONVERSION = YES;
				CLANG_WARN_CONSTANT_CONVERSION = YES;
				CLANG_WARN_DIRECT_OBJC_ISA_USAGE = YES_ERROR;
				CLANG_WARN_EMPTY_BODY = YES;
				CLANG_WARN_ENUM_CONVERSION = YES;
				CLANG_WARN_INT_CONVERSION = YES;
				CLANG_WARN_OBJC_ROOT_CLASS = YES_ERROR;
				CLANG_WARN_UNREACHABLE_CODE = YES;
				CLANG_WARN__DUPLICATE_METHOD_MATCH = YES;
				COPY_PHASE_STRIP = YES;
				DEBUG_INFORMATION_FORMAT = "dwarf-with-dsym";
				ENABLE_NS_ASSERTIONS = NO;
				ENABLE_STRICT_OBJC_MSGSEND = YES;
				GCC_C_LANGUAGE_STANDARD = gnu99;
				GCC_WARN_64_TO_32_BIT_CONVERSION = YES;
				GCC_WARN_ABOUT_RETURN_TYPE = YES_ERROR;
				GCC_WARN_UNDECLARED_SELECTOR = YES;
				GCC_WARN_UNINITIALIZED_AUTOS = YES_AGGRESSIVE;
				GCC_WARN_UNUSED_FUNCTION = YES;
				GCC_WARN_UNUSED_VARIABLE = YES;
				MACOSX_DEPLOYMENT_TARGET = 10.9;
				METAL_ENABLE_DEBUG_INFO = NO;
				SDKROOT = macosx;
			};
			name = Release;
		};
		6E06565B19623C76003939CA /* Debug */ = {
			isa = XCBuildConfiguration;
			buildSettings = {
				PRODUCT_NAME = "$(TARGET_NAME)";
			};
			name = Debug;
		};
		6E06565C19623C76003939CA /* Release */ = {
			isa = XCBuildConfiguration;
			buildSettings = {
				PRODUCT_NAME = "$(TARGET_NAME)";
			};
			name = Release;
		};
/* End XCBuildConfiguration section */

/* Begin XCConfigurationList section */
		6E06564E19623C76003939CA /* Build configuration list for PBXProject "person" */ = {
			isa = XCConfigurationList;
			buildConfigurations = (
				6E06565819623C76003939CA /* Debug */,
				6E06565919623C76003939CA /* Release */,
			);
			defaultConfigurationIsVisible = 0;
			defaultConfigurationName = Release;
		};
		6E06565A19623C76003939CA /* Build configuration list for PBXNativeTarget "person" */ = {
			isa = XCConfigurationList;
			buildConfigurations = (
				6E06565B19623C76003939CA /* Debug */,
				6E06565C19623C76003939CA /* Release */,
			);
			defaultConfigurationIsVisible = 0;
			defaultConfigurationName = Release;
		};
/* End XCConfigurationList section */
	};
	rootObject = 6E06564B19623C76003939CA /* Project object */;
}
